
Microsoft Visual Studio Solution File, Format Version 12.00
# Visual Studio Version 16
VisualStudioVersion = 16.0.29403.142
MinimumVisualStudioVersion = 10.0.40219.1
Project("{FAE04EC0-301F-11D3-BF4B-00C04F79EFBC}") = "Find_Newtons_Root", "Find_Newtons_Root\Find_Newtons_Root.csproj", "{8D59B351-0BDF-4787-A440-32AA2A68026D}"
EndProject
Project("{FAE04EC0-301F-11D3-BF4B-00C04F79EFBC}") = "Find_Newtons_Root_Tests", "Find_Newtons_Root_Tests\Find_Newtons_Root_Tests.csproj", "{BDAADC88-F6A2-4533-BB80-BB678BEC46E6}"
EndProject
Project("{FAE04EC0-301F-11D3-BF4B-00C04F79EFBC}") = "ConsoleApp1", "ConsoleApp1\ConsoleApp1.csproj", "{F6655E68-4D4D-46B4-9491-4B7752D0AC40}"
EndProject
Project("{FAE04EC0-301F-11D3-BF4B-00C04F79EFBC}") = "Buble_Sort_Array", "Buble_Sort_Array\Buble_Sort_Array.csproj", "{5EEEA378-BA83-4DAB-93F6-B10C51D9EF75}"
EndProject
Project("{FAE04EC0-301F-11D3-BF4B-00C04F79EFBC}") = "Find_Newtons_Root_MSTests", "Find_Newtons_Root_MSTests\Find_Newtons_Root_MSTests.csproj", "{44B97C7E-E488-4F7A-89C1-2089FE8E0EC2}"
EndProject
Global
	GlobalSection(SolutionConfigurationPlatforms) = preSolution
		Debug|Any CPU = Debug|Any CPU
		Release|Any CPU = Release|Any CPU
	EndGlobalSection
	GlobalSection(ProjectConfigurationPlatforms) = postSolution
		{8D59B351-0BDF-4787-A440-32AA2A68026D}.Debug|Any CPU.ActiveCfg = Debug|Any CPU
		{8D59B351-0BDF-4787-A440-32AA2A68026D}.Debug|Any CPU.Build.0 = Debug|Any CPU
		{8D59B351-0BDF-4787-A440-32AA2A68026D}.Release|Any CPU.ActiveCfg = Release|Any CPU
		{8D59B351-0BDF-4787-A440-32AA2A68026D}.Release|Any CPU.Build.0 = Release|Any CPU
		{BDAADC88-F6A2-4533-BB80-BB678BEC46E6}.Debug|Any CPU.ActiveCfg = Debug|Any CPU
		{BDAADC88-F6A2-4533-BB80-BB678BEC46E6}.Debug|Any CPU.Build.0 = Debug|Any CPU
		{BDAADC88-F6A2-4533-BB80-BB678BEC46E6}.Release|Any CPU.ActiveCfg = Release|Any CPU
		{BDAADC88-F6A2-4533-BB80-BB678BEC46E6}.Release|Any CPU.Build.0 = Release|Any CPU
		{F6655E68-4D4D-46B4-9491-4B7752D0AC40}.Debug|Any CPU.ActiveCfg = Debug|Any CPU
		{F6655E68-4D4D-46B4-9491-4B7752D0AC40}.Debug|Any CPU.Build.0 = Debug|Any CPU
		{F6655E68-4D4D-46B4-9491-4B7752D0AC40}.Release|Any CPU.ActiveCfg = Release|Any CPU
		{F6655E68-4D4D-46B4-9491-4B7752D0AC40}.Release|Any CPU.Build.0 = Release|Any CPU
		{5EEEA378-BA83-4DAB-93F6-B10C51D9EF75}.Debug|Any CPU.ActiveCfg = Debug|Any CPU
		{5EEEA378-BA83-4DAB-93F6-B10C51D9EF75}.Debug|Any CPU.Build.0 = Debug|Any CPU
		{5EEEA378-BA83-4DAB-93F6-B10C51D9EF75}.Release|Any CPU.ActiveCfg = Release|Any CPU
		{5EEEA378-BA83-4DAB-93F6-B10C51D9EF75}.Release|Any CPU.Build.0 = Release|Any CPU
		{44B97C7E-E488-4F7A-89C1-2089FE8E0EC2}.Debug|Any CPU.ActiveCfg = Debug|Any CPU
		{44B97C7E-E488-4F7A-89C1-2089FE8E0EC2}.Debug|Any CPU.Build.0 = Debug|Any CPU
		{44B97C7E-E488-4F7A-89C1-2089FE8E0EC2}.Release|Any CPU.ActiveCfg = Release|Any CPU
		{44B97C7E-E488-4F7A-89C1-2089FE8E0EC2}.Release|Any CPU.Build.0 = Release|Any CPU
	EndGlobalSection
	GlobalSection(SolutionProperties) = preSolution
		HideSolutionNode = FALSE
	EndGlobalSection
	GlobalSection(ExtensibilityGlobals) = postSolution
		SolutionGuid = {EABBCAC7-55EE-4717-B902-DAF79838F39B}
	EndGlobalSection
EndGlobal
